
Microsoft Visual Studio Solution File, Format Version 12.00
# Visual Studio Version 17
VisualStudioVersion = 17.0.32014.148
MinimumVisualStudioVersion = 10.0.40219.1
Project("{FAE04EC0-301F-11D3-BF4B-00C04F79EFBC}") = "PaymentGateWayApp", "PaymentGateWayApp\PaymentGateWayApp.csproj", "{C222B2AF-7A5A-4CF0-9802-8B74931F9943}"
EndProject
Project("{FAE04EC0-301F-11D3-BF4B-00C04F79EFBC}") = "Logger", "Logger\Logger.csproj", "{40B778A1-E080-4D55-AC36-00B80ABD4410}"
EndProject
Project("{FAE04EC0-301F-11D3-BF4B-00C04F79EFBC}") = "AutomationData", "AutomationData\AutomationData.csproj", "{D5FCB21D-3264-417A-9A16-241C59E29154}"
EndProject
Project("{FAE04EC0-301F-11D3-BF4B-00C04F79EFBC}") = "BusinessAccessLayer", "BusinessAccessLayer\BusinessAccessLayer.csproj", "{BD0F1D19-4FE7-4FEF-B49C-6FB082E3AE39}"
EndProject
Project("{FAE04EC0-301F-11D3-BF4B-00C04F79EFBC}") = "BusinessEntities", "BusinessEntities\BusinessEntities.csproj", "{D0A73363-D099-4BA7-B924-18B01C89A7CB}"
EndProject
Global
	GlobalSection(SolutionConfigurationPlatforms) = preSolution
		Debug|Any CPU = Debug|Any CPU
		Release|Any CPU = Release|Any CPU
	EndGlobalSection
	GlobalSection(ProjectConfigurationPlatforms) = postSolution
		{C222B2AF-7A5A-4CF0-9802-8B74931F9943}.Debug|Any CPU.ActiveCfg = Debug|Any CPU
		{C222B2AF-7A5A-4CF0-9802-8B74931F9943}.Debug|Any CPU.Build.0 = Debug|Any CPU
		{C222B2AF-7A5A-4CF0-9802-8B74931F9943}.Release|Any CPU.ActiveCfg = Release|Any CPU
		{C222B2AF-7A5A-4CF0-9802-8B74931F9943}.Release|Any CPU.Build.0 = Release|Any CPU
		{40B778A1-E080-4D55-AC36-00B80ABD4410}.Debug|Any CPU.ActiveCfg = Debug|Any CPU
		{40B778A1-E080-4D55-AC36-00B80ABD4410}.Debug|Any CPU.Build.0 = Debug|Any CPU
		{40B778A1-E080-4D55-AC36-00B80ABD4410}.Release|Any CPU.ActiveCfg = Release|Any CPU
		{40B778A1-E080-4D55-AC36-00B80ABD4410}.Release|Any CPU.Build.0 = Release|Any CPU
		{D5FCB21D-3264-417A-9A16-241C59E29154}.Debug|Any CPU.ActiveCfg = Debug|Any CPU
		{D5FCB21D-3264-417A-9A16-241C59E29154}.Debug|Any CPU.Build.0 = Debug|Any CPU
		{D5FCB21D-3264-417A-9A16-241C59E29154}.Release|Any CPU.ActiveCfg = Release|Any CPU
		{D5FCB21D-3264-417A-9A16-241C59E29154}.Release|Any CPU.Build.0 = Release|Any CPU
		{BD0F1D19-4FE7-4FEF-B49C-6FB082E3AE39}.Debug|Any CPU.ActiveCfg = Debug|Any CPU
		{BD0F1D19-4FE7-4FEF-B49C-6FB082E3AE39}.Debug|Any CPU.Build.0 = Debug|Any CPU
		{BD0F1D19-4FE7-4FEF-B49C-6FB082E3AE39}.Release|Any CPU.ActiveCfg = Release|Any CPU
		{BD0F1D19-4FE7-4FEF-B49C-6FB082E3AE39}.Release|Any CPU.Build.0 = Release|Any CPU
		{D0A73363-D099-4BA7-B924-18B01C89A7CB}.Debug|Any CPU.ActiveCfg = Debug|Any CPU
		{D0A73363-D099-4BA7-B924-18B01C89A7CB}.Debug|Any CPU.Build.0 = Debug|Any CPU
		{D0A73363-D099-4BA7-B924-18B01C89A7CB}.Release|Any CPU.ActiveCfg = Release|Any CPU
		{D0A73363-D099-4BA7-B924-18B01C89A7CB}.Release|Any CPU.Build.0 = Release|Any CPU
	EndGlobalSection
	GlobalSection(SolutionProperties) = preSolution
		HideSolutionNode = FALSE
	EndGlobalSection
	GlobalSection(ExtensibilityGlobals) = postSolution
		SolutionGuid = {2CF2E6D8-5E1D-4571-868A-2BB86269BE3F}
	EndGlobalSection
EndGlobal
